
Microsoft Visual Studio Solution File, Format Version 11.00
# Visual Studio 2010
Project("{FAE04EC0-301F-11D3-BF4B-00C04F79EFBC}") = "Assembly-CSharp", "Assembly-CSharp.csproj", "{D11FD20A-92E0-71E7-EF31-B4A9AF38F852}"
EndProject
Project("{FAE04EC0-301F-11D3-BF4B-00C04F79EFBC}") = "Assembly-CSharp-Editor", "Assembly-CSharp-Editor.csproj", "{8E921857-A1F8-F6A2-9A27-40884ED78469}"
EndProject
Global
	GlobalSection(SolutionConfigurationPlatforms) = preSolution
		Debug|Any CPU = Debug|Any CPU
		Release|Any CPU = Release|Any CPU
	EndGlobalSection
	GlobalSection(ProjectConfigurationPlatforms) = postSolution
		{D11FD20A-92E0-71E7-EF31-B4A9AF38F852}.Debug|Any CPU.ActiveCfg = Debug|Any CPU
		{D11FD20A-92E0-71E7-EF31-B4A9AF38F852}.Debug|Any CPU.Build.0 = Debug|Any CPU
		{D11FD20A-92E0-71E7-EF31-B4A9AF38F852}.Release|Any CPU.ActiveCfg = Release|Any CPU
		{D11FD20A-92E0-71E7-EF31-B4A9AF38F852}.Release|Any CPU.Build.0 = Release|Any CPU
		{8E921857-A1F8-F6A2-9A27-40884ED78469}.Debug|Any CPU.ActiveCfg = Debug|Any CPU
		{8E921857-A1F8-F6A2-9A27-40884ED78469}.Debug|Any CPU.Build.0 = Debug|Any CPU
		{8E921857-A1F8-F6A2-9A27-40884ED78469}.Release|Any CPU.ActiveCfg = Release|Any CPU
		{8E921857-A1F8-F6A2-9A27-40884ED78469}.Release|Any CPU.Build.0 = Release|Any CPU
	EndGlobalSection
	GlobalSection(SolutionProperties) = preSolution
		HideSolutionNode = FALSE
	EndGlobalSection
EndGlobal
